
Microsoft Visual Studio Solution File, Format Version 12.00
# Visual Studio Version 17
VisualStudioVersion = 17.2.32526.322
MinimumVisualStudioVersion = 10.0.40219.1
Project("{FAE04EC0-301F-11D3-BF4B-00C04F79EFBC}") = "ConsoleApp", "ConsoleApp\ConsoleApp.csproj", "{F55EF52B-2AD3-418A-93EE-3FECEC8C087E}"
EndProject
Project("{FAE04EC0-301F-11D3-BF4B-00C04F79EFBC}") = "Model", "Model\Model.csproj", "{26E4EF9C-5967-45E2-BCDE-39C6EAC2935F}"
EndProject
Project("{FAE04EC0-301F-11D3-BF4B-00C04F79EFBC}") = "Data", "Data\Data.csproj", "{21D01895-8C19-4AA3-803B-F86CD8306CBD}"
EndProject
Project("{FAE04EC0-301F-11D3-BF4B-00C04F79EFBC}") = "WpfApp", "WpfApp\WpfApp.csproj", "{470EFCE2-190D-4519-8E5C-035929F4A513}"
EndProject
Global
	GlobalSection(SolutionConfigurationPlatforms) = preSolution
		Debug|Any CPU = Debug|Any CPU
		Release|Any CPU = Release|Any CPU
	EndGlobalSection
	GlobalSection(ProjectConfigurationPlatforms) = postSolution
		{F55EF52B-2AD3-418A-93EE-3FECEC8C087E}.Debug|Any CPU.ActiveCfg = Debug|Any CPU
		{F55EF52B-2AD3-418A-93EE-3FECEC8C087E}.Debug|Any CPU.Build.0 = Debug|Any CPU
		{F55EF52B-2AD3-418A-93EE-3FECEC8C087E}.Release|Any CPU.ActiveCfg = Release|Any CPU
		{F55EF52B-2AD3-418A-93EE-3FECEC8C087E}.Release|Any CPU.Build.0 = Release|Any CPU
		{26E4EF9C-5967-45E2-BCDE-39C6EAC2935F}.Debug|Any CPU.ActiveCfg = Debug|Any CPU
		{26E4EF9C-5967-45E2-BCDE-39C6EAC2935F}.Debug|Any CPU.Build.0 = Debug|Any CPU
		{26E4EF9C-5967-45E2-BCDE-39C6EAC2935F}.Release|Any CPU.ActiveCfg = Release|Any CPU
		{26E4EF9C-5967-45E2-BCDE-39C6EAC2935F}.Release|Any CPU.Build.0 = Release|Any CPU
		{21D01895-8C19-4AA3-803B-F86CD8306CBD}.Debug|Any CPU.ActiveCfg = Debug|Any CPU
		{21D01895-8C19-4AA3-803B-F86CD8306CBD}.Debug|Any CPU.Build.0 = Debug|Any CPU
		{21D01895-8C19-4AA3-803B-F86CD8306CBD}.Release|Any CPU.ActiveCfg = Release|Any CPU
		{21D01895-8C19-4AA3-803B-F86CD8306CBD}.Release|Any CPU.Build.0 = Release|Any CPU
		{470EFCE2-190D-4519-8E5C-035929F4A513}.Debug|Any CPU.ActiveCfg = Debug|Any CPU
		{470EFCE2-190D-4519-8E5C-035929F4A513}.Debug|Any CPU.Build.0 = Debug|Any CPU
		{470EFCE2-190D-4519-8E5C-035929F4A513}.Release|Any CPU.ActiveCfg = Release|Any CPU
		{470EFCE2-190D-4519-8E5C-035929F4A513}.Release|Any CPU.Build.0 = Release|Any CPU
	EndGlobalSection
	GlobalSection(SolutionProperties) = preSolution
		HideSolutionNode = FALSE
	EndGlobalSection
	GlobalSection(ExtensibilityGlobals) = postSolution
		SolutionGuid = {E3CDFD37-F812-4F92-9551-BC3F3BFA761F}
	EndGlobalSection
EndGlobal
